
Microsoft Visual Studio Solution File, Format Version 12.00
# Visual Studio Version 17
VisualStudioVersion = 17.7.34221.43
MinimumVisualStudioVersion = 10.0.40219.1
Project("{9A19103F-16F7-4668-BE54-9A1E7A4F7556}") = "Project123", "Project123\Project123.csproj", "{CD40E871-EE8C-4438-9C17-D06C1BA995D6}"
EndProject
Project("{9A19103F-16F7-4668-BE54-9A1E7A4F7556}") = "Project123Api", "Project123Api\Project123Api.csproj", "{C6213DF5-E694-483B-80FD-AAEFEDA7A991}"
EndProject
Project("{9A19103F-16F7-4668-BE54-9A1E7A4F7556}") = "Project123.Dto", "Project123.Dto\Project123.Dto.csproj", "{9DB3F979-FE59-4D22-A698-332650ADA018}"
EndProject
Global
	GlobalSection(SolutionConfigurationPlatforms) = preSolution
		Debug|Any CPU = Debug|Any CPU
		Release|Any CPU = Release|Any CPU
	EndGlobalSection
	GlobalSection(ProjectConfigurationPlatforms) = postSolution
		{CD40E871-EE8C-4438-9C17-D06C1BA995D6}.Debug|Any CPU.ActiveCfg = Debug|Any CPU
		{CD40E871-EE8C-4438-9C17-D06C1BA995D6}.Debug|Any CPU.Build.0 = Debug|Any CPU
		{CD40E871-EE8C-4438-9C17-D06C1BA995D6}.Release|Any CPU.ActiveCfg = Release|Any CPU
		{CD40E871-EE8C-4438-9C17-D06C1BA995D6}.Release|Any CPU.Build.0 = Release|Any CPU
		{C6213DF5-E694-483B-80FD-AAEFEDA7A991}.Debug|Any CPU.ActiveCfg = Debug|Any CPU
		{C6213DF5-E694-483B-80FD-AAEFEDA7A991}.Debug|Any CPU.Build.0 = Debug|Any CPU
		{C6213DF5-E694-483B-80FD-AAEFEDA7A991}.Release|Any CPU.ActiveCfg = Release|Any CPU
		{C6213DF5-E694-483B-80FD-AAEFEDA7A991}.Release|Any CPU.Build.0 = Release|Any CPU
		{9DB3F979-FE59-4D22-A698-332650ADA018}.Debug|Any CPU.ActiveCfg = Debug|Any CPU
		{9DB3F979-FE59-4D22-A698-332650ADA018}.Debug|Any CPU.Build.0 = Debug|Any CPU
		{9DB3F979-FE59-4D22-A698-332650ADA018}.Release|Any CPU.ActiveCfg = Release|Any CPU
		{9DB3F979-FE59-4D22-A698-332650ADA018}.Release|Any CPU.Build.0 = Release|Any CPU
	EndGlobalSection
	GlobalSection(SolutionProperties) = preSolution
		HideSolutionNode = FALSE
	EndGlobalSection
	GlobalSection(ExtensibilityGlobals) = postSolution
		SolutionGuid = {1F59B7F4-03D5-41B0-8DB1-5AC3823CC135}
	EndGlobalSection
EndGlobal
